dependencies:
- name: ingress-nginx
  repository: https://kubernetes.github.io/ingress-nginx
  version: 4.8.2
- name: metallb
  repository: https://metallb.github.io/metallb
  version: 0.13.11
- name: mongodb
  repository: https://charts.bitnami.com/bitnami
  version: 14.0.10
- name: nx-cloud
  repository: https://nrwl.github.io/nx-cloud-helm
  version: 0.11.5
digest: sha256:26429b5aa9d63700b8150cd61882bdec19ca038c07674f909e271d7de93621b1
generated: "2023-10-14T19:41:29.3744203+02:00"
